// !$*UTF8*$!
{
	archiveVersion = 1;
	classes = {
	};
	objectVersion = 46;
	objects = {

/* Begin PBXBuildFile section */
		08F32CAB1E55F4B4008BDF2F /* main.c in Sources */ = {isa = PBXBuildFile; fileRef = 08F32CAA1E55F4B4008BDF2F /* main.c */; };
/* End PBXBuildFile section */

/* Begin PBXCopyFilesBuildPhase section */
		08F32CA51E55F4B4008BDF2F /* CopyFiles */ = {
			isa = PBXCopyFilesBuildPhase;
			buildActionMask = 2147483647;
			dstPath = /usr/share/man/man1/;
			dstSubfolderSpec = 0;
			files = (
			);
			runOnlyForDeploymentPostprocessing = 1;
		};
/* End PBXCopyFilesBuildPhase section */

/* Begin PBXFileReference section */
		08F32CA71E55F4B4008BDF2F /* xxx */ = {isa = PBXFileReference; explicitFileType = "compiled.mach-o.executable"; includeInIndex = 0; path = xxx; sourceTree = BUILT_PRODUCTS_DIR; };
		08F32CAA1E55F4B4008BDF2F /* main.c */ = {isa = PBXFileReference; lastKnownFileType = sourcecode.c.c; path = main.c; sourceTree = "<group>"; };
/* End PBXFileReference section */

/* Begin PBXFrameworksBuildPhase section */
		08F32CA41E55F4B4008BDF2F /* Frameworks */ = {
			isa = PBXFrameworksBuildPhase;
			buildActionMask = 2147483647;
			files = (
			);
			runOnlyForDeploymentPostprocessing = 0;
		};
/* End PBXFrameworksBuildPhase section */

/* Begin PBXGroup section */
		08F32C9E1E55F4B4008BDF2F = {
			isa = PBXGroup;
			children = (
				08F32CA91E55F4B4008BDF2F /* xxx */,
				08F32CA81E55F4B4008BDF2F /* Products */,
			);
			sourceTree = "<group>";
		};
		08F32CA81E55F4B4008BDF2F /* Products */ = {
			isa = PBXGroup;
			children = (
				08F32CA71E55F4B4008BDF2F /* xxx */,
			);
			name = Products;
			sourceTree = "<group>";
		};
		08F32CA91E55F4B4008BDF2F /* xxx */ = {
			isa = PBXGroup;
			children = (
				08F32CAA1E55F4B4008BDF2F /* main.c */,
			);
			path = xxx;
			sourceTree = "<group>";
		};
/* End PBXGroup section */

/* Begin PBXNativeTarget section */
		08F32CA61E55F4B4008BDF2F /* xxx */ = {
			isa = PBXNativeTarget;
			buildConfigurationList = 08F32CAE1E55F4B4008BDF2F /* Build configuration list for PBXNativeTarget "xxx" */;
			buildPhases = (
				08F32CA31E55F4B4008BDF2F /* Sources */,
				08F32CA41E55F4B4008BDF2F /* Frameworks */,
				08F32CA51E55F4B4008BDF2F /* CopyFiles */,
			);
			buildRules = (
			);
			dependencies = (
			);
			name = xxx;
			productName = xxx;
			productReference = 08F32CA71E55F4B4008BDF2F /* xxx */;
			productType = "com.apple.product-type.tool";
		};
/* End PBXNativeTarget section */

/* Begin PBXProject section */
		08F32C9F1E55F4B4008BDF2F /* Project object */ = {
			isa = PBXProject;
			attributes = {
				LastUpgradeCheck = 0820;
				ORGANIZATIONNAME = "秦宇航";
				TargetAttributes = {
					08F32CA61E55F4B4008BDF2F = {
						CreatedOnToolsVersion = 8.2.1;
						DevelopmentTeam = 2E8Q4BTFR2;
						ProvisioningStyle = Automatic;
					};
				};
			};
			buildConfigurationList = 08F32CA21E55F4B4008BDF2F /* Build configuration list for PBXProject "xxx" */;
			compatibilityVersion = "Xcode 3.2";
			developmentRegion = English;
			hasScannedForEncodings = 0;
			knownRegions = (
				en,
			);
			mainGroup = 08F32C9E1E55F4B4008BDF2F;
			productRefGroup = 08F32CA81E55F4B4008BDF2F /* Products */;
			projectDirPath = "";
			projectRoot = "";
			targets = (
				08F32CA61E55F4B4008BDF2F /* xxx */,
			);
		};
/* End PBXProject section */

/* Begin PBXSourcesBuildPhase section */
		08F32CA31E55F4B4008BDF2F /* Sources */ = {
			isa = PBXSourcesBuildPhase;
			buildActionMask = 2147483647;
			files = (
				08F32CAB1E55F4B4008BDF2F /* main.c in Sources */,
			);
			runOnlyForDeploymentPostprocessing = 0;
		};
/* End PBXSourcesBuildPhase section */

/* Begin XCBuildConfiguration section */
		08F32CAC1E55F4B4008BDF2F /* Debug */ = {
			isa = XCBuildConfiguration;
			buildSettings = {
				ALWAYS_SEARCH_USER_PATHS = NO;
				CLANG_ANALYZER_NONNULL = YES;
				CLANG_CXX_LANGUAGE_STANDARD = "gnu++0x";
				CLANG_CXX_LIBRARY = "libc++";
				CLANG_ENABLE_MODULES = YES;
				CLANG_ENABLE_OBJC_ARC = YES;
				CLANG_WARN_BOOL_CONVERSION = YES;
				CLANG_WARN_CONSTANT_CONVERSION = YES;
				CLANG_WARN_DIRECT_OBJC_ISA_USAGE = YES_ERROR;
				CLANG_WARN_DOCUMENTATION_COMMENTS = YES;
				CLANG_WARN_EMPTY_BODY = YES;
				CLANG_WARN_ENUM_CONVERSION = YES;
				CLANG_WARN_INFINITE_RECURSION = YES;
				CLANG_WARN_INT_CONVERSION = YES;
				CLANG_WARN_OBJC_ROOT_CLASS = YES_ERROR;
				CLANG_WARN_SUSPICIOUS_MOVE = YES;
				CLANG_WARN_UNREACHABLE_CODE = YES;
				CLANG_WARN__DUPLICATE_METHOD_MATCH = YES;
				CODE_SIGN_IDENTITY = "-";
				COPY_PHASE_STRIP = NO;
				DEBUG_INFORMATION_FORMAT = dwarf;
				ENABLE_STRICT_OBJC_MSGSEND = YES;
				ENABLE_TESTABILITY = YES;
				GCC_C_LANGUAGE_STANDARD = gnu99;
				GCC_DYNAMIC_NO_PIC = NO;
				GCC_NO_COMMON_BLOCKS = YES;
				GCC_OPTIMIZATION_LEVEL = 0;
				GCC_PREPROCESSOR_DEFINITIONS = (
					"DEBUG=1",
					"$(inherited)",
				);
				GCC_WARN_64_TO_32_BIT_CONVERSION = YES;
				GCC_WARN_ABOUT_RETURN_TYPE = YES_ERROR;
				GCC_WARN_UNDECLARED_SELECTOR = YES;
				GCC_WARN_UNINITIALIZED_AUTOS = YES_AGGRESSIVE;
				GCC_WARN_UNUSED_FUNCTION = YES;
				GCC_WARN_UNUSED_VARIABLE = YES;
				MACOSX_DEPLOYMENT_TARGET = 10.12;
				MTL_ENABLE_DEBUG_INFO = YES;
				ONLY_ACTIVE_ARCH = YES;
				SDKROOT = macosx;
			};
			name = Debug;
		};
		08F32CAD1E55F4B4008BDF2F /* Release */ = {
			isa = XCBuildConfiguration;
			buildSettings = {
				ALWAYS_SEARCH_USER_PATHS = NO;
				CLANG_ANALYZER_NONNULL = YES;
				CLANG_CXX_LANGUAGE_STANDARD = "gnu++0x";
				CLANG_CXX_LIBRARY = "libc++";
				CLANG_ENABLE_MODULES = YES;
				CLANG_ENABLE_OBJC_ARC = YES;
				CLANG_WARN_BOOL_CONVERSION = YES;
				CLANG_WARN_CONSTANT_CONVERSION = YES;
				CLANG_WARN_DIRECT_OBJC_ISA_USAGE = YES_ERROR;
				CLANG_WARN_DOCUMENTATION_COMMENTS = YES;
				CLANG_WARN_EMPTY_BODY = YES;
				CLANG_WARN_ENUM_CONVERSION = YES;
				CLANG_WARN_INFINITE_RECURSION = YES;
				CLANG_WARN_INT_CONVERSION = YES;
				CLANG_WARN_OBJC_ROOT_CLASS = YES_ERROR;
				CLANG_WARN_SUSPICIOUS_MOVE = YES;
				CLANG_WARN_UNREACHABLE_CODE = YES;
				CLANG_WARN__DUPLICATE_METHOD_MATCH = YES;
				CODE_SIGN_IDENTITY = "-";
				COPY_PHASE_STRIP = NO;
				DEBUG_INFORMATION_FORMAT = "dwarf-with-dsym";
				ENABLE_NS_ASSERTIONS = NO;
				ENABLE_STRICT_OBJC_MSGSEND = YES;
				GCC_C_LANGUAGE_STANDARD = gnu99;
				GCC_NO_COMMON_BLOCKS = YES;
				GCC_WARN_64_TO_32_BIT_CONVERSION = YES;
				GCC_WARN_ABOUT_RETURN_TYPE = YES_ERROR;
				GCC_WARN_UNDECLARED_SELECTOR = YES;
				GCC_WARN_UNINITIALIZED_AUTOS = YES_AGGRESSIVE;
				GCC_WARN_UNUSED_FUNCTION = YES;
				GCC_WARN_UNUSED_VARIABLE = YES;
				MACOSX_DEPLOYMENT_TARGET = 10.12;
				MTL_ENABLE_DEBUG_INFO = NO;
				SDKROOT = macosx;
			};
			name = Release;
		};
		08F32CAF1E55F4B4008BDF2F /* Debug */ = {
			isa = XCBuildConfiguration;
			buildSettings = {
				DEVELOPMENT_TEAM = 2E8Q4BTFR2;
				PRODUCT_NAME = "$(TARGET_NAME)";
			};
			name = Debug;
		};
		08F32CB01E55F4B4008BDF2F /* Release */ = {
			isa = XCBuildConfiguration;
			buildSettings = {
				DEVELOPMENT_TEAM = 2E8Q4BTFR2;
				PRODUCT_NAME = "$(TARGET_NAME)";
			};
			name = Release;
		};
/* End XCBuildConfiguration section */

/* Begin XCConfigurationList section */
		08F32CA21E55F4B4008BDF2F /* Build configuration list for PBXProject "xxx" */ = {
			isa = XCConfigurationList;
			buildConfigurations = (
				08F32CAC1E55F4B4008BDF2F /* Debug */,
				08F32CAD1E55F4B4008BDF2F /* Release */,
			);
			defaultConfigurationIsVisible = 0;
			defaultConfigurationName = Release;
		};
		08F32CAE1E55F4B4008BDF2F /* Build configuration list for PBXNativeTarget "xxx" */ = {
			isa = XCConfigurationList;
			buildConfigurations = (
				08F32CAF1E55F4B4008BDF2F /* Debug */,
				08F32CB01E55F4B4008BDF2F /* Release */,
			);
			defaultConfigurationIsVisible = 0;
		};
/* End XCConfigurationList section */
	};
	rootObject = 08F32C9F1E55F4B4008BDF2F /* Project object */;
}
